// !$*UTF8*$!
{
	archiveVersion = 1;
	classes = {
	};
	objectVersion = 46;
	objects = {

/* Begin PBXBuildFile section */
		82827C111BC2BD4000915FB9 /* AppDelegate.swift in Sources */ = {isa = PBXBuildFile; fileRef = 82827C101BC2BD4000915FB9 /* AppDelegate.swift */; };
		82827C131BC2BD4000915FB9 /* FirstViewController.swift in Sources */ = {isa = PBXBuildFile; fileRef = 82827C121BC2BD4000915FB9 /* FirstViewController.swift */; };
		82827C151BC2BD4000915FB9 /* SecondViewController.swift in Sources */ = {isa = PBXBuildFile; fileRef = 82827C141BC2BD4000915FB9 /* SecondViewController.swift */; };
		82827C181BC2BD4000915FB9 /* Main.storyboard in Resources */ = {isa = PBXBuildFile; fileRef = 82827C161BC2BD4000915FB9 /* Main.storyboard */; };
		82827C1A1BC2BD4000915FB9 /* Assets.xcassets in Resources */ = {isa = PBXBuildFile; fileRef = 82827C191BC2BD4000915FB9 /* Assets.xcassets */; };
		82827C1D1BC2BD4000915FB9 /* LaunchScreen.storyboard in Resources */ = {isa = PBXBuildFile; fileRef = 82827C1B1BC2BD4000915FB9 /* LaunchScreen.storyboard */; };
/* End PBXBuildFile section */

/* Begin PBXFileReference section */
		82827C0D1BC2BD4000915FB9 /* NearMe.app */ = {isa = PBXFileReference; explicitFileType = wrapper.application; includeInIndex = 0; path = NearMe.app; sourceTree = BUILT_PRODUCTS_DIR; };
		82827C101BC2BD4000915FB9 /* AppDelegate.swift */ = {isa = PBXFileReference; lastKnownFileType = sourcecode.swift; path = AppDelegate.swift; sourceTree = "<group>"; };
		82827C121BC2BD4000915FB9 /* FirstViewController.swift */ = {isa = PBXFileReference; lastKnownFileType = sourcecode.swift; path = FirstViewController.swift; sourceTree = "<group>"; };
		82827C141BC2BD4000915FB9 /* SecondViewController.swift */ = {isa = PBXFileReference; lastKnownFileType = sourcecode.swift; path = SecondViewController.swift; sourceTree = "<group>"; };
		82827C171BC2BD4000915FB9 /* Base */ = {isa = PBXFileReference; lastKnownFileType = file.storyboard; name = Base; path = Base.lproj/Main.storyboard; sourceTree = "<group>"; };
		82827C191BC2BD4000915FB9 /* Assets.xcassets */ = {isa = PBXFileReference; lastKnownFileType = folder.assetcatalog; path = Assets.xcassets; sourceTree = "<group>"; };
		82827C1C1BC2BD4000915FB9 /* Base */ = {isa = PBXFileReference; lastKnownFileType = file.storyboard; name = Base; path = Base.lproj/LaunchScreen.storyboard; sourceTree = "<group>"; };
		82827C1E1BC2BD4000915FB9 /* Info.plist */ = {isa = PBXFileReference; lastKnownFileType = text.plist.xml; path = Info.plist; sourceTree = "<group>"; };
/* End PBXFileReference section */

/* Begin PBXFrameworksBuildPhase section */
		82827C0A1BC2BD4000915FB9 /* Frameworks */ = {
			isa = PBXFrameworksBuildPhase;
			buildActionMask = 2147483647;
			files = (
			);
			runOnlyForDeploymentPostprocessing = 0;
		};
/* End PBXFrameworksBuildPhase section */

/* Begin PBXGroup section */
		82827C041BC2BD4000915FB9 = {
			isa = PBXGroup;
			children = (
				82827C0F1BC2BD4000915FB9 /* NearMe */,
				82827C0E1BC2BD4000915FB9 /* Products */,
			);
			sourceTree = "<group>";
		};
		82827C0E1BC2BD4000915FB9 /* Products */ = {
			isa = PBXGroup;
			children = (
				82827C0D1BC2BD4000915FB9 /* NearMe.app */,
			);
			name = Products;
			sourceTree = "<group>";
		};
		82827C0F1BC2BD4000915FB9 /* NearMe */ = {
			isa = PBXGroup;
			children = (
				82827C101BC2BD4000915FB9 /* AppDelegate.swift */,
				82827C121BC2BD4000915FB9 /* FirstViewController.swift */,
				82827C141BC2BD4000915FB9 /* SecondViewController.swift */,
				82827C161BC2BD4000915FB9 /* Main.storyboard */,
				82827C191BC2BD4000915FB9 /* Assets.xcassets */,
				82827C1B1BC2BD4000915FB9 /* LaunchScreen.storyboard */,
				82827C1E1BC2BD4000915FB9 /* Info.plist */,
			);
			path = NearMe;
			sourceTree = "<group>";
		};
/* End PBXGroup section */

/* Begin PBXNativeTarget section */
		82827C0C1BC2BD4000915FB9 /* NearMe */ = {
			isa = PBXNativeTarget;
			buildConfigurationList = 82827C211BC2BD4000915FB9 /* Build configuration list for PBXNativeTarget "NearMe" */;
			buildPhases = (
				82827C091BC2BD4000915FB9 /* Sources */,
				82827C0A1BC2BD4000915FB9 /* Frameworks */,
				82827C0B1BC2BD4000915FB9 /* Resources */,
			);
			buildRules = (
			);
			dependencies = (
			);
			name = NearMe;
			productName = NearMe;
			productReference = 82827C0D1BC2BD4000915FB9 /* NearMe.app */;
			productType = "com.apple.product-type.application";
		};
/* End PBXNativeTarget section */

/* Begin PBXProject section */
		82827C051BC2BD4000915FB9 /* Project object */ = {
			isa = PBXProject;
			attributes = {
				LastUpgradeCheck = 0700;
				ORGANIZATIONNAME = "Susanne Kasahara";
				TargetAttributes = {
					82827C0C1BC2BD4000915FB9 = {
						CreatedOnToolsVersion = 7.0;
					};
				};
			};
			buildConfigurationList = 82827C081BC2BD4000915FB9 /* Build configuration list for PBXProject "NearMe" */;
			compatibilityVersion = "Xcode 3.2";
			developmentRegion = English;
			hasScannedForEncodings = 0;
			knownRegions = (
				en,
				Base,
			);
			mainGroup = 82827C041BC2BD4000915FB9;
			productRefGroup = 82827C0E1BC2BD4000915FB9 /* Products */;
			projectDirPath = "";
			projectRoot = "";
			targets = (
				82827C0C1BC2BD4000915FB9 /* NearMe */,
			);
		};
/* End PBXProject section */

/* Begin PBXResourcesBuildPhase section */
		82827C0B1BC2BD4000915FB9 /* Resources */ = {
			isa = PBXResourcesBuildPhase;
			buildActionMask = 2147483647;
			files = (
				82827C1D1BC2BD4000915FB9 /* LaunchScreen.storyboard in Resources */,
				82827C1A1BC2BD4000915FB9 /* Assets.xcassets in Resources */,
				82827C181BC2BD4000915FB9 /* Main.storyboard in Resources */,
			);
			runOnlyForDeploymentPostprocessing = 0;
		};
/* End PBXResourcesBuildPhase section */

/* Begin PBXSourcesBuildPhase section */
		82827C091BC2BD4000915FB9 /* Sources */ = {
			isa = PBXSourcesBuildPhase;
			buildActionMask = 2147483647;
			files = (
				82827C151BC2BD4000915FB9 /* SecondViewController.swift in Sources */,
				82827C111BC2BD4000915FB9 /* AppDelegate.swift in Sources */,
				82827C131BC2BD4000915FB9 /* FirstViewController.swift in Sources */,
			);
			runOnlyForDeploymentPostprocessing = 0;
		};
/* End PBXSourcesBuildPhase section */

/* Begin PBXVariantGroup section */
		82827C161BC2BD4000915FB9 /* Main.storyboard */ = {
			isa = PBXVariantGroup;
			children = (
				82827C171BC2BD4000915FB9 /* Base */,
			);
			name = Main.storyboard;
			sourceTree = "<group>";
		};
		82827C1B1BC2BD4000915FB9 /* LaunchScreen.storyboard */ = {
			isa = PBXVariantGroup;
			children = (
				82827C1C1BC2BD4000915FB9 /* Base */,
			);
			name = LaunchScreen.storyboard;
			sourceTree = "<group>";
		};
/* End PBXVariantGroup section */

/* Begin XCBuildConfiguration section */
		82827C1F1BC2BD4000915FB9 /* Debug */ = {
			isa = XCBuildConfiguration;
			buildSettings = {
				ALWAYS_SEARCH_USER_PATHS = NO;
				CLANG_CXX_LANGUAGE_STANDARD = "gnu++0x";
				CLANG_CXX_LIBRARY = "libc++";
				CLANG_ENABLE_MODULES = YES;
				CLANG_ENABLE_OBJC_ARC = YES;
				CLANG_WARN_BOOL_CONVERSION = YES;
				CLANG_WARN_CONSTANT_CONVERSION = YES;
				CLANG_WARN_DIRECT_OBJC_ISA_USAGE = YES_ERROR;
				CLANG_WARN_EMPTY_BODY = YES;
				CLANG_WARN_ENUM_CONVERSION = YES;
				CLANG_WARN_INT_CONVERSION = YES;
				CLANG_WARN_OBJC_ROOT_CLASS = YES_ERROR;
				CLANG_WARN_UNREACHABLE_CODE = YES;
				CLANG_WARN__DUPLICATE_METHOD_MATCH = YES;
				"CODE_SIGN_IDENTITY[sdk=iphoneos*]" = "iPhone Developer";
				COPY_PHASE_STRIP = NO;
				DEBUG_INFORMATION_FORMAT = dwarf;
				ENABLE_STRICT_OBJC_MSGSEND = YES;
				ENABLE_TESTABILITY = YES;
				GCC_C_LANGUAGE_STANDARD = gnu99;
				GCC_DYNAMIC_NO_PIC = NO;
				GCC_NO_COMMON_BLOCKS = YES;
				GCC_OPTIMIZATION_LEVEL = 0;
				GCC_PREPROCESSOR_DEFINITIONS = (
					"DEBUG=1",
					"$(inherited)",
				);
				GCC_WARN_64_TO_32_BIT_CONVERSION = YES;
				GCC_WARN_ABOUT_RETURN_TYPE = YES_ERROR;
				GCC_WARN_UNDECLARED_SELECTOR = YES;
				GCC_WARN_UNINITIALIZED_AUTOS = YES_AGGRESSIVE;
				GCC_WARN_UNUSED_FUNCTION = YES;
				GCC_WARN_UNUSED_VARIABLE = YES;
				IPHONEOS_DEPLOYMENT_TARGET = 9.0;
				MTL_ENABLE_DEBUG_INFO = YES;
				ONLY_ACTIVE_ARCH = YES;
				SDKROOT = iphoneos;
				SWIFT_OPTIMIZATION_LEVEL = "-Onone";
			};
			name = Debug;
		};
		82827C201BC2BD4000915FB9 /* Release */ = {
			isa = XCBuildConfiguration;
			buildSettings = {
				ALWAYS_SEARCH_USER_PATHS = NO;
				CLANG_CXX_LANGUAGE_STANDARD = "gnu++0x";
				CLANG_CXX_LIBRARY = "libc++";
				CLANG_ENABLE_MODULES = YES;
				CLANG_ENABLE_OBJC_ARC = YES;
				CLANG_WARN_BOOL_CONVERSION = YES;
				CLANG_WARN_CONSTANT_CONVERSION = YES;
				CLANG_WARN_DIRECT_OBJC_ISA_USAGE = YES_ERROR;
				CLANG_WARN_EMPTY_BODY = YES;
				CLANG_WARN_ENUM_CONVERSION = YES;
				CLANG_WARN_INT_CONVERSION = YES;
				CLANG_WARN_OBJC_ROOT_CLASS = YES_ERROR;
				CLANG_WARN_UNREACHABLE_CODE = YES;
				CLANG_WARN__DUPLICATE_METHOD_MATCH = YES;
				"CODE_SIGN_IDENTITY[sdk=iphoneos*]" = "iPhone Developer";
				COPY_PHASE_STRIP = NO;
				DEBUG_INFORMATION_FORMAT = "dwarf-with-dsym";
				ENABLE_NS_ASSERTIONS = NO;
				ENABLE_STRICT_OBJC_MSGSEND = YES;
				GCC_C_LANGUAGE_STANDARD = gnu99;
				GCC_NO_COMMON_BLOCKS = YES;
				GCC_WARN_64_TO_32_BIT_CONVERSION = YES;
				GCC_WARN_ABOUT_RETURN_TYPE = YES_ERROR;
				GCC_WARN_UNDECLARED_SELECTOR = YES;
				GCC_WARN_UNINITIALIZED_AUTOS = YES_AGGRESSIVE;
				GCC_WARN_UNUSED_FUNCTION = YES;
				GCC_WARN_UNUSED_VARIABLE = YES;
				IPHONEOS_DEPLOYMENT_TARGET = 9.0;
				MTL_ENABLE_DEBUG_INFO = NO;
				SDKROOT = iphoneos;
				VALIDATE_PRODUCT = YES;
			};
			name = Release;
		};
		82827C221BC2BD4000915FB9 /* Debug */ = {
			isa = XCBuildConfiguration;
			buildSettings = {
				ASSETCATALOG_COMPILER_APPICON_NAME = AppIcon;
				CODE_SIGN_IDENTITY = "iPhone Developer";
				INFOPLIST_FILE = NearMe/Info.plist;
				LD_RUNPATH_SEARCH_PATHS = "$(inherited) @executable_path/Frameworks";
				PRODUCT_BUNDLE_IDENTIFIER = com.sk.NearMe;
				PRODUCT_NAME = "$(TARGET_NAME)";
			};
			name = Debug;
		};
		82827C231BC2BD4000915FB9 /* Release */ = {
			isa = XCBuildConfiguration;
			buildSettings = {
				ASSETCATALOG_COMPILER_APPICON_NAME = AppIcon;
				CODE_SIGN_IDENTITY = "iPhone Developer";
				INFOPLIST_FILE = NearMe/Info.plist;
				LD_RUNPATH_SEARCH_PATHS = "$(inherited) @executable_path/Frameworks";
				PRODUCT_BUNDLE_IDENTIFIER = com.sk.NearMe;
				PRODUCT_NAME = "$(TARGET_NAME)";
			};
			name = Release;
		};
/* End XCBuildConfiguration section */

/* Begin XCConfigurationList section */
		82827C081BC2BD4000915FB9 /* Build configuration list for PBXProject "NearMe" */ = {
			isa = XCConfigurationList;
			buildConfigurations = (
				82827C1F1BC2BD4000915FB9 /* Debug */,
				82827C201BC2BD4000915FB9 /* Release */,
			);
			defaultConfigurationIsVisible = 0;
			defaultConfigurationName = Release;
		};
		82827C211BC2BD4000915FB9 /* Build configuration list for PBXNativeTarget "NearMe" */ = {
			isa = XCConfigurationList;
			buildConfigurations = (
				82827C221BC2BD4000915FB9 /* Debug */,
				82827C231BC2BD4000915FB9 /* Release */,
			);
			defaultConfigurationIsVisible = 0;
		};
/* End XCConfigurationList section */
	};
	rootObject = 82827C051BC2BD4000915FB9 /* Project object */;
}
